
Microsoft Visual Studio Solution File, Format Version 12.00
# Visual Studio 15
VisualStudioVersion = 15.0.28307.489
MinimumVisualStudioVersion = 10.0.40219.1
Project("{FAE04EC0-301F-11D3-BF4B-00C04F79EFBC}") = "WindowsFormsApp1", "WindowsFormsApp1\WindowsFormsApp1.csproj", "{B07038A2-190D-4AA3-AC78-05F398244010}"
EndProject
Global
	GlobalSection(SolutionConfigurationPlatforms) = preSolution
		Debug|Any CPU = Debug|Any CPU
		Release|Any CPU = Release|Any CPU
	EndGlobalSection
	GlobalSection(ProjectConfigurationPlatforms) = postSolution
		{B07038A2-190D-4AA3-AC78-05F398244010}.Debug|Any CPU.ActiveCfg = Debug|Any CPU
		{B07038A2-190D-4AA3-AC78-05F398244010}.Debug|Any CPU.Build.0 = Debug|Any CPU
		{B07038A2-190D-4AA3-AC78-05F398244010}.Release|Any CPU.ActiveCfg = Release|Any CPU
		{B07038A2-190D-4AA3-AC78-05F398244010}.Release|Any CPU.Build.0 = Release|Any CPU
	EndGlobalSection
	GlobalSection(SolutionProperties) = preSolution
		HideSolutionNode = FALSE
	EndGlobalSection
	GlobalSection(ExtensibilityGlobals) = postSolution
		SolutionGuid = {840BD918-A6E9-4698-96F0-1C6DD59DA720}
	EndGlobalSection
EndGlobal
